// !$*UTF8*$!
{
	archiveVersion = 1;
	classes = {
	};
	objectVersion = 50;
	objects = {

/* Begin PBXBuildFile section */
		825FA6FF21E4694C00AB1744 /* AppDelegate.m in Sources */ = {isa = PBXBuildFile; fileRef = 825FA6FE21E4694C00AB1744 /* AppDelegate.m */; };
		825FA70221E4694C00AB1744 /* ViewController.m in Sources */ = {isa = PBXBuildFile; fileRef = 825FA70121E4694C00AB1744 /* ViewController.m */; };
		825FA70521E4694C00AB1744 /* Main.storyboard in Resources */ = {isa = PBXBuildFile; fileRef = 825FA70321E4694C00AB1744 /* Main.storyboard */; };
		825FA70721E4694D00AB1744 /* Assets.xcassets in Resources */ = {isa = PBXBuildFile; fileRef = 825FA70621E4694D00AB1744 /* Assets.xcassets */; };
		825FA70A21E4694D00AB1744 /* LaunchScreen.storyboard in Resources */ = {isa = PBXBuildFile; fileRef = 825FA70821E4694D00AB1744 /* LaunchScreen.storyboard */; };
		825FA70D21E4694D00AB1744 /* main.m in Sources */ = {isa = PBXBuildFile; fileRef = 825FA70C21E4694D00AB1744 /* main.m */; };
		8290B769228AAC5C001C89EA /* XhlTableTestController.m in Sources */ = {isa = PBXBuildFile; fileRef = 8290B768228AAC5C001C89EA /* XhlTableTestController.m */; };
		8290B76C228AAC77001C89EA /* XhlTableTestCell.m in Sources */ = {isa = PBXBuildFile; fileRef = 8290B76B228AAC77001C89EA /* XhlTableTestCell.m */; };
		DB0AD9B52B906F18003E2CAF /* XhlAuthTools.m in Sources */ = {isa = PBXBuildFile; fileRef = DB0AD94A2B906F18003E2CAF /* XhlAuthTools.m */; };
		DB0AD9B62B906F18003E2CAF /* XhlTimer.m in Sources */ = {isa = PBXBuildFile; fileRef = DB0AD94C2B906F18003E2CAF /* XhlTimer.m */; };
		DB0AD9B72B906F18003E2CAF /* XHLCacheManager.m in Sources */ = {isa = PBXBuildFile; fileRef = DB0AD94D2B906F18003E2CAF /* XHLCacheManager.m */; };
		DB0AD9B82B906F18003E2CAF /* XhlButtonConfigModel.m in Sources */ = {isa = PBXBuildFile; fileRef = DB0AD94E2B906F18003E2CAF /* XhlButtonConfigModel.m */; };
		DB0AD9B92B906F18003E2CAF /* XhlItemModel.m in Sources */ = {isa = PBXBuildFile; fileRef = DB0AD94F2B906F18003E2CAF /* XhlItemModel.m */; };
		DB0AD9BA2B906F18003E2CAF /* XHLFileManager.m in Sources */ = {isa = PBXBuildFile; fileRef = DB0AD9512B906F18003E2CAF /* XHLFileManager.m */; };
		DB0AD9BB2B906F18003E2CAF /* XhlOutputModelTool.m in Sources */ = {isa = PBXBuildFile; fileRef = DB0AD9522B906F18003E2CAF /* XhlOutputModelTool.m */; };
		DB0AD9BC2B906F18003E2CAF /* Xcode14Fixer.m in Sources */ = {isa = PBXBuildFile; fileRef = DB0AD9562B906F18003E2CAF /* Xcode14Fixer.m */; };
		DB0AD9BD2B906F18003E2CAF /* NSMutableArray+XHLCategory.m in Sources */ = {isa = PBXBuildFile; fileRef = DB0AD9582B906F18003E2CAF /* NSMutableArray+XHLCategory.m */; };
		DB0AD9BE2B906F18003E2CAF /* NSDictionary+XhlCategory.m in Sources */ = {isa = PBXBuildFile; fileRef = DB0AD9592B906F18003E2CAF /* NSDictionary+XhlCategory.m */; };
		DB0AD9BF2B906F18003E2CAF /* NSObject+XHLKVO.m in Sources */ = {isa = PBXBuildFile; fileRef = DB0AD95C2B906F18003E2CAF /* NSObject+XHLKVO.m */; };
		DB0AD9C02B906F18003E2CAF /* NSObject+XHLRuntime.m in Sources */ = {isa = PBXBuildFile; fileRef = DB0AD95E2B906F18003E2CAF /* NSObject+XHLRuntime.m */; };
		DB0AD9C12B906F18003E2CAF /* NSObject+XHLDealloc.m in Sources */ = {isa = PBXBuildFile; fileRef = DB0AD9602B906F18003E2CAF /* NSObject+XHLDealloc.m */; };
		DB0AD9C22B906F18003E2CAF /* NSObject+XHLNotification.m in Sources */ = {isa = PBXBuildFile; fileRef = DB0AD9632B906F18003E2CAF /* NSObject+XHLNotification.m */; };
		DB0AD9C32B906F18003E2CAF /* NSObject+XHLAssociate.m in Sources */ = {isa = PBXBuildFile; fileRef = DB0AD9642B906F18003E2CAF /* NSObject+XHLAssociate.m */; };
		DB0AD9C42B906F18003E2CAF /* NSString+XhlCategory.m in Sources */ = {isa = PBXBuildFile; fileRef = DB0AD9662B906F18003E2CAF /* NSString+XhlCategory.m */; };
		DB0AD9C52B906F18003E2CAF /* NSUserDefaults+XHLCategory.m in Sources */ = {isa = PBXBuildFile; fileRef = DB0AD9682B906F18003E2CAF /* NSUserDefaults+XHLCategory.m */; };
		DB0AD9C62B906F18003E2CAF /* NSArray+XhlCategory.m in Sources */ = {isa = PBXBuildFile; fileRef = DB0AD9692B906F18003E2CAF /* NSArray+XhlCategory.m */; };
		DB0AD9C72B906F18003E2CAF /* NSBundle+XhlCategory.m in Sources */ = {isa = PBXBuildFile; fileRef = DB0AD9702B906F18003E2CAF /* NSBundle+XhlCategory.m */; };
		DB0AD9C82B906F18003E2CAF /* NSAttributedString+XhlCategory.m in Sources */ = {isa = PBXBuildFile; fileRef = DB0AD9732B906F18003E2CAF /* NSAttributedString+XhlCategory.m */; };
		DB0AD9C92B906F18003E2CAF /* PHPhotoLibrary+XhlCategory.m in Sources */ = {isa = PBXBuildFile; fileRef = DB0AD9752B906F18003E2CAF /* PHPhotoLibrary+XhlCategory.m */; };
		DB0AD9CA2B906F18003E2CAF /* NSDate+XHLCategory.m in Sources */ = {isa = PBXBuildFile; fileRef = DB0AD9762B906F18003E2CAF /* NSDate+XHLCategory.m */; };
		DB0AD9CB2B906F18003E2CAF /* NSURL+XHLCategory.m in Sources */ = {isa = PBXBuildFile; fileRef = DB0AD9772B906F18003E2CAF /* NSURL+XHLCategory.m */; };
		DB0AD9CC2B906F18003E2CAF /* NSData+XhlCategory.m in Sources */ = {isa = PBXBuildFile; fileRef = DB0AD9782B906F18003E2CAF /* NSData+XhlCategory.m */; };
		DB0AD9CD2B906F18003E2CAF /* XHLDatePicker.m in Sources */ = {isa = PBXBuildFile; fileRef = DB0AD97C2B906F18003E2CAF /* XHLDatePicker.m */; };
		DB0AD9CE2B906F18003E2CAF /* UICollectionViewRightAlignedLayout.m in Sources */ = {isa = PBXBuildFile; fileRef = DB0AD97F2B906F18003E2CAF /* UICollectionViewRightAlignedLayout.m */; };
		DB0AD9CF2B906F18003E2CAF /* XhlShowToolView.m in Sources */ = {isa = PBXBuildFile; fileRef = DB0AD9802B906F18003E2CAF /* XhlShowToolView.m */; };
		DB0AD9D02B906F18003E2CAF /* UICollectionViewLeftAlignedLayout.m in Sources */ = {isa = PBXBuildFile; fileRef = DB0AD9812B906F18003E2CAF /* UICollectionViewLeftAlignedLayout.m */; };
		DB0AD9D12B906F18003E2CAF /* XHLPicker.m in Sources */ = {isa = PBXBuildFile; fileRef = DB0AD9842B906F18003E2CAF /* XHLPicker.m */; };
		DB0AD9D22B906F18003E2CAF /* XHLGradientHelper.m in Sources */ = {isa = PBXBuildFile; fileRef = DB0AD9882B906F18003E2CAF /* XHLGradientHelper.m */; };
		DB0AD9D32B906F18003E2CAF /* XhlDataSource.m in Sources */ = {isa = PBXBuildFile; fileRef = DB0AD9892B906F18003E2CAF /* XhlDataSource.m */; };
		DB0AD9D42B906F18003E2CAF /* XhlInitView.m in Sources */ = {isa = PBXBuildFile; fileRef = DB0AD98A2B906F18003E2CAF /* XhlInitView.m */; };
		DB0AD9D52B906F18003E2CAF /* XhlMacro.m in Sources */ = {isa = PBXBuildFile; fileRef = DB0AD98C2B906F18003E2CAF /* XhlMacro.m */; };
		DB0AD9D62B906F18003E2CAF /* XhlLabelImage.m in Sources */ = {isa = PBXBuildFile; fileRef = DB0AD98E2B906F18003E2CAF /* XhlLabelImage.m */; };
		DB0AD9D72B906F18003E2CAF /* UIViewController+ImagePicker.m in Sources */ = {isa = PBXBuildFile; fileRef = DB0AD9932B906F18003E2CAF /* UIViewController+ImagePicker.m */; };
		DB0AD9D82B906F18003E2CAF /* UIView+XhlCategory.m in Sources */ = {isa = PBXBuildFile; fileRef = DB0AD9952B906F18003E2CAF /* UIView+XhlCategory.m */; };
		DB0AD9D92B906F18003E2CAF /* UIDevice+XhlCategory.m in Sources */ = {isa = PBXBuildFile; fileRef = DB0AD9962B906F18003E2CAF /* UIDevice+XhlCategory.m */; };
		DB0AD9DA2B906F18003E2CAF /* UIScrollView+XHLCategory.m in Sources */ = {isa = PBXBuildFile; fileRef = DB0AD9972B906F18003E2CAF /* UIScrollView+XHLCategory.m */; };
		DB0AD9DB2B906F18003E2CAF /* UIViewController+XHLCategory.m in Sources */ = {isa = PBXBuildFile; fileRef = DB0AD9982B906F18003E2CAF /* UIViewController+XHLCategory.m */; };
		DB0AD9DC2B906F18003E2CAF /* UIView+XhlInputControl.m in Sources */ = {isa = PBXBuildFile; fileRef = DB0AD9992B906F18003E2CAF /* UIView+XhlInputControl.m */; };
		DB0AD9DD2B906F18003E2CAF /* UIImage+Watermark.m in Sources */ = {isa = PBXBuildFile; fileRef = DB0AD99A2B906F18003E2CAF /* UIImage+Watermark.m */; };
		DB0AD9DE2B906F18003E2CAF /* UIApplication+XhlCategory.m in Sources */ = {isa = PBXBuildFile; fileRef = DB0AD99D2B906F18003E2CAF /* UIApplication+XhlCategory.m */; };
		DB0AD9DF2B906F18003E2CAF /* UITextView+XhlCategory.m in Sources */ = {isa = PBXBuildFile; fileRef = DB0AD99F2B906F18003E2CAF /* UITextView+XhlCategory.m */; };
		DB0AD9E02B906F18003E2CAF /* UITableViewCell+XhlCategory.m in Sources */ = {isa = PBXBuildFile; fileRef = DB0AD9A02B906F18003E2CAF /* UITableViewCell+XhlCategory.m */; };
		DB0AD9E12B906F18003E2CAF /* UIScreen+XhlCategory.m in Sources */ = {isa = PBXBuildFile; fileRef = DB0AD9A32B906F18003E2CAF /* UIScreen+XhlCategory.m */; };
		DB0AD9E22B906F18003E2CAF /* UIButton+XhlCategory.m in Sources */ = {isa = PBXBuildFile; fileRef = DB0AD9A52B906F18003E2CAF /* UIButton+XhlCategory.m */; };
		DB0AD9E32B906F18003E2CAF /* UIResponder+XHLCategory.m in Sources */ = {isa = PBXBuildFile; fileRef = DB0AD9A82B906F18003E2CAF /* UIResponder+XHLCategory.m */; };
		DB0AD9E42B906F18003E2CAF /* UIAlertController+XhlCategory.m in Sources */ = {isa = PBXBuildFile; fileRef = DB0AD9A92B906F18003E2CAF /* UIAlertController+XhlCategory.m */; };
		DB0AD9E52B906F18003E2CAF /* UIViewController+RequestPar.m in Sources */ = {isa = PBXBuildFile; fileRef = DB0AD9AF2B906F18003E2CAF /* UIViewController+RequestPar.m */; };
		DB0AD9E62B906F18003E2CAF /* UIImage+XhlCategory.m in Sources */ = {isa = PBXBuildFile; fileRef = DB0AD9B02B906F18003E2CAF /* UIImage+XhlCategory.m */; };
		DB0AD9E72B906F18003E2CAF /* UIColor+XhlCategory.m in Sources */ = {isa = PBXBuildFile; fileRef = DB0AD9B42B906F18003E2CAF /* UIColor+XhlCategory.m */; };
		DBC618A6250230D2000B7DB3 /* XhlBaseObjectTests.m in Sources */ = {isa = PBXBuildFile; fileRef = DBC618A5250230D2000B7DB3 /* XhlBaseObjectTests.m */; };
/* End PBXBuildFile section */

/* Begin PBXContainerItemProxy section */
		DBC618A2250230D2000B7DB3 /* PBXContainerItemProxy */ = {
			isa = PBXContainerItemProxy;
			containerPortal = 825FA6F221E4694C00AB1744 /* Project object */;
			proxyType = 1;
			remoteGlobalIDString = 825FA6F921E4694C00AB1744;
			remoteInfo = XhlBaseObjectDemo;
		};
/* End PBXContainerItemProxy section */

/* Begin PBXCopyFilesBuildPhase section */
		DBC618B2250230D2000B7DB3 /* Embed Frameworks */ = {
			isa = PBXCopyFilesBuildPhase;
			buildActionMask = 2147483647;
			dstPath = "";
			dstSubfolderSpec = 10;
			files = (
			);
			name = "Embed Frameworks";
			runOnlyForDeploymentPostprocessing = 0;
		};
/* End PBXCopyFilesBuildPhase section */

/* Begin PBXFileReference section */
		825FA6FA21E4694C00AB1744 /* XhlBaseObjectDemo.app */ = {isa = PBXFileReference; explicitFileType = wrapper.application; includeInIndex = 0; path = XhlBaseObjectDemo.app; sourceTree = BUILT_PRODUCTS_DIR; };
		825FA6FD21E4694C00AB1744 /* AppDelegate.h */ = {isa = PBXFileReference; lastKnownFileType = sourcecode.c.h; path = AppDelegate.h; sourceTree = "<group>"; };
		825FA6FE21E4694C00AB1744 /* AppDelegate.m */ = {isa = PBXFileReference; lastKnownFileType = sourcecode.c.objc; path = AppDelegate.m; sourceTree = "<group>"; };
		825FA70021E4694C00AB1744 /* ViewController.h */ = {isa = PBXFileReference; lastKnownFileType = sourcecode.c.h; path = ViewController.h; sourceTree = "<group>"; };
		825FA70121E4694C00AB1744 /* ViewController.m */ = {isa = PBXFileReference; lastKnownFileType = sourcecode.c.objc; path = ViewController.m; sourceTree = "<group>"; };
		825FA70421E4694C00AB1744 /* Base */ = {isa = PBXFileReference; lastKnownFileType = file.storyboard; name = Base; path = Base.lproj/Main.storyboard; sourceTree = "<group>"; };
		825FA70621E4694D00AB1744 /* Assets.xcassets */ = {isa = PBXFileReference; lastKnownFileType = folder.assetcatalog; path = Assets.xcassets; sourceTree = "<group>"; };
		825FA70921E4694D00AB1744 /* Base */ = {isa = PBXFileReference; lastKnownFileType = file.storyboard; name = Base; path = Base.lproj/LaunchScreen.storyboard; sourceTree = "<group>"; };
		825FA70B21E4694D00AB1744 /* Info.plist */ = {isa = PBXFileReference; lastKnownFileType = text.plist.xml; path = Info.plist; sourceTree = "<group>"; };
		825FA70C21E4694D00AB1744 /* main.m */ = {isa = PBXFileReference; lastKnownFileType = sourcecode.c.objc; path = main.m; sourceTree = "<group>"; };
		8290B767228AAC5C001C89EA /* XhlTableTestController.h */ = {isa = PBXFileReference; lastKnownFileType = sourcecode.c.h; path = XhlTableTestController.h; sourceTree = "<group>"; };
		8290B768228AAC5C001C89EA /* XhlTableTestController.m */ = {isa = PBXFileReference; lastKnownFileType = sourcecode.c.objc; path = XhlTableTestController.m; sourceTree = "<group>"; };
		8290B76A228AAC77001C89EA /* XhlTableTestCell.h */ = {isa = PBXFileReference; lastKnownFileType = sourcecode.c.h; path = XhlTableTestCell.h; sourceTree = "<group>"; };
		8290B76B228AAC77001C89EA /* XhlTableTestCell.m */ = {isa = PBXFileReference; lastKnownFileType = sourcecode.c.objc; path = XhlTableTestCell.m; sourceTree = "<group>"; };
		DB0AD9452B906F18003E2CAF /* XHLFoundation.h */ = {isa = PBXFileReference; fileEncoding = 4; lastKnownFileType = sourcecode.c.h; path = XHLFoundation.h; sourceTree = "<group>"; };
		DB0AD9472B906F18003E2CAF /* XhlItemModel.h */ = {isa = PBXFileReference; fileEncoding = 4; lastKnownFileType = sourcecode.c.h; path = XhlItemModel.h; sourceTree = "<group>"; };
		DB0AD9482B906F18003E2CAF /* XhlOutputModelTool.h */ = {isa = PBXFileReference; fileEncoding = 4; lastKnownFileType = sourcecode.c.h; path = XhlOutputModelTool.h; sourceTree = "<group>"; };
		DB0AD9492B906F18003E2CAF /* XHLFileManager.h */ = {isa = PBXFileReference; fileEncoding = 4; lastKnownFileType = sourcecode.c.h; path = XHLFileManager.h; sourceTree = "<group>"; };
		DB0AD94A2B906F18003E2CAF /* XhlAuthTools.m */ = {isa = PBXFileReference; fileEncoding = 4; lastKnownFileType = sourcecode.c.objc; path = XhlAuthTools.m; sourceTree = "<group>"; };
		DB0AD94B2B906F18003E2CAF /* Xcode14Fixer.h */ = {isa = PBXFileReference; fileEncoding = 4; lastKnownFileType = sourcecode.c.h; path = Xcode14Fixer.h; sourceTree = "<group>"; };
		DB0AD94C2B906F18003E2CAF /* XhlTimer.m */ = {isa = PBXFileReference; fileEncoding = 4; lastKnownFileType = sourcecode.c.objc; path = XhlTimer.m; sourceTree = "<group>"; };
		DB0AD94D2B906F18003E2CAF /* XHLCacheManager.m */ = {isa = PBXFileReference; fileEncoding = 4; lastKnownFileType = sourcecode.c.objc; path = XHLCacheManager.m; sourceTree = "<group>"; };
		DB0AD94E2B906F18003E2CAF /* XhlButtonConfigModel.m */ = {isa = PBXFileReference; fileEncoding = 4; lastKnownFileType = sourcecode.c.objc; path = XhlButtonConfigModel.m; sourceTree = "<group>"; };
		DB0AD94F2B906F18003E2CAF /* XhlItemModel.m */ = {isa = PBXFileReference; fileEncoding = 4; lastKnownFileType = sourcecode.c.objc; path = XhlItemModel.m; sourceTree = "<group>"; };
		DB0AD9502B906F18003E2CAF /* XhlAuthTools.h */ = {isa = PBXFileReference; fileEncoding = 4; lastKnownFileType = sourcecode.c.h; path = XhlAuthTools.h; sourceTree = "<group>"; };
		DB0AD9512B906F18003E2CAF /* XHLFileManager.m */ = {isa = PBXFileReference; fileEncoding = 4; lastKnownFileType = sourcecode.c.objc; path = XHLFileManager.m; sourceTree = "<group>"; };
		DB0AD9522B906F18003E2CAF /* XhlOutputModelTool.m */ = {isa = PBXFileReference; fileEncoding = 4; lastKnownFileType = sourcecode.c.objc; path = XhlOutputModelTool.m; sourceTree = "<group>"; };
		DB0AD9532B906F18003E2CAF /* XhlButtonConfigModel.h */ = {isa = PBXFileReference; fileEncoding = 4; lastKnownFileType = sourcecode.c.h; path = XhlButtonConfigModel.h; sourceTree = "<group>"; };
		DB0AD9542B906F18003E2CAF /* XHLCacheManager.h */ = {isa = PBXFileReference; fileEncoding = 4; lastKnownFileType = sourcecode.c.h; path = XHLCacheManager.h; sourceTree = "<group>"; };
		DB0AD9552B906F18003E2CAF /* XhlTimer.h */ = {isa = PBXFileReference; fileEncoding = 4; lastKnownFileType = sourcecode.c.h; path = XhlTimer.h; sourceTree = "<group>"; };
		DB0AD9562B906F18003E2CAF /* Xcode14Fixer.m */ = {isa = PBXFileReference; fileEncoding = 4; lastKnownFileType = sourcecode.c.objc; path = Xcode14Fixer.m; sourceTree = "<group>"; };
		DB0AD9582B906F18003E2CAF /* NSMutableArray+XHLCategory.m */ = {isa = PBXFileReference; fileEncoding = 4; lastKnownFileType = sourcecode.c.objc; path = "NSMutableArray+XHLCategory.m"; sourceTree = "<group>"; };
		DB0AD9592B906F18003E2CAF /* NSDictionary+XhlCategory.m */ = {isa = PBXFileReference; fileEncoding = 4; lastKnownFileType = sourcecode.c.objc; path = "NSDictionary+XhlCategory.m"; sourceTree = "<group>"; };
		DB0AD95B2B906F18003E2CAF /* NSObject+XHLDealloc.h */ = {isa = PBXFileReference; fileEncoding = 4; lastKnownFileType = sourcecode.c.h; path = "NSObject+XHLDealloc.h"; sourceTree = "<group>"; };
		DB0AD95C2B906F18003E2CAF /* NSObject+XHLKVO.m */ = {isa = PBXFileReference; fileEncoding = 4; lastKnownFileType = sourcecode.c.objc; path = "NSObject+XHLKVO.m"; sourceTree = "<group>"; };
		DB0AD95D2B906F18003E2CAF /* NSObject+XHLAssociate.h */ = {isa = PBXFileReference; fileEncoding = 4; lastKnownFileType = sourcecode.c.h; path = "NSObject+XHLAssociate.h"; sourceTree = "<group>"; };
		DB0AD95E2B906F18003E2CAF /* NSObject+XHLRuntime.m */ = {isa = PBXFileReference; fileEncoding = 4; lastKnownFileType = sourcecode.c.objc; path = "NSObject+XHLRuntime.m"; sourceTree = "<group>"; };
		DB0AD95F2B906F18003E2CAF /* NSObject+XHLNotification.h */ = {isa = PBXFileReference; fileEncoding = 4; lastKnownFileType = sourcecode.c.h; path = "NSObject+XHLNotification.h"; sourceTree = "<group>"; };
		DB0AD9602B906F18003E2CAF /* NSObject+XHLDealloc.m */ = {isa = PBXFileReference; fileEncoding = 4; lastKnownFileType = sourcecode.c.objc; path = "NSObject+XHLDealloc.m"; sourceTree = "<group>"; };
		DB0AD9612B906F18003E2CAF /* NSObject+XHLKVO.h */ = {isa = PBXFileReference; fileEncoding = 4; lastKnownFileType = sourcecode.c.h; path = "NSObject+XHLKVO.h"; sourceTree = "<group>"; };
		DB0AD9622B906F18003E2CAF /* NSObject+XHLRuntime.h */ = {isa = PBXFileReference; fileEncoding = 4; lastKnownFileType = sourcecode.c.h; path = "NSObject+XHLRuntime.h"; sourceTree = "<group>"; };
		DB0AD9632B906F18003E2CAF /* NSObject+XHLNotification.m */ = {isa = PBXFileReference; fileEncoding = 4; lastKnownFileType = sourcecode.c.objc; path = "NSObject+XHLNotification.m"; sourceTree = "<group>"; };
		DB0AD9642B906F18003E2CAF /* NSObject+XHLAssociate.m */ = {isa = PBXFileReference; fileEncoding = 4; lastKnownFileType = sourcecode.c.objc; path = "NSObject+XHLAssociate.m"; sourceTree = "<group>"; };
		DB0AD9652B906F18003E2CAF /* NSBundle+XhlCategory.h */ = {isa = PBXFileReference; fileEncoding = 4; lastKnownFileType = sourcecode.c.h; path = "NSBundle+XhlCategory.h"; sourceTree = "<group>"; };
		DB0AD9662B906F18003E2CAF /* NSString+XhlCategory.m */ = {isa = PBXFileReference; fileEncoding = 4; lastKnownFileType = sourcecode.c.objc; path = "NSString+XhlCategory.m"; sourceTree = "<group>"; };
		DB0AD9672B906F18003E2CAF /* NSAttributedString+XhlCategory.h */ = {isa = PBXFileReference; fileEncoding = 4; lastKnownFileType = sourcecode.c.h; path = "NSAttributedString+XhlCategory.h"; sourceTree = "<group>"; };
		DB0AD9682B906F18003E2CAF /* NSUserDefaults+XHLCategory.m */ = {isa = PBXFileReference; fileEncoding = 4; lastKnownFileType = sourcecode.c.objc; path = "NSUserDefaults+XHLCategory.m"; sourceTree = "<group>"; };
		DB0AD9692B906F18003E2CAF /* NSArray+XhlCategory.m */ = {isa = PBXFileReference; fileEncoding = 4; lastKnownFileType = sourcecode.c.objc; path = "NSArray+XhlCategory.m"; sourceTree = "<group>"; };
		DB0AD96A2B906F18003E2CAF /* NSData+XhlCategory.h */ = {isa = PBXFileReference; fileEncoding = 4; lastKnownFileType = sourcecode.c.h; path = "NSData+XhlCategory.h"; sourceTree = "<group>"; };
		DB0AD96B2B906F18003E2CAF /* NSURL+XHLCategory.h */ = {isa = PBXFileReference; fileEncoding = 4; lastKnownFileType = sourcecode.c.h; path = "NSURL+XHLCategory.h"; sourceTree = "<group>"; };
		DB0AD96C2B906F18003E2CAF /* NSDate+XHLCategory.h */ = {isa = PBXFileReference; fileEncoding = 4; lastKnownFileType = sourcecode.c.h; path = "NSDate+XHLCategory.h"; sourceTree = "<group>"; };
		DB0AD96D2B906F18003E2CAF /* PHPhotoLibrary+XhlCategory.h */ = {isa = PBXFileReference; fileEncoding = 4; lastKnownFileType = sourcecode.c.h; path = "PHPhotoLibrary+XhlCategory.h"; sourceTree = "<group>"; };
		DB0AD96E2B906F18003E2CAF /* NSDictionary+XhlCategory.h */ = {isa = PBXFileReference; fileEncoding = 4; lastKnownFileType = sourcecode.c.h; path = "NSDictionary+XhlCategory.h"; sourceTree = "<group>"; };
		DB0AD96F2B906F18003E2CAF /* NSMutableArray+XHLCategory.h */ = {isa = PBXFileReference; fileEncoding = 4; lastKnownFileType = sourcecode.c.h; path = "NSMutableArray+XHLCategory.h"; sourceTree = "<group>"; };
		DB0AD9702B906F18003E2CAF /* NSBundle+XhlCategory.m */ = {isa = PBXFileReference; fileEncoding = 4; lastKnownFileType = sourcecode.c.objc; path = "NSBundle+XhlCategory.m"; sourceTree = "<group>"; };
		DB0AD9712B906F18003E2CAF /* NSArray+XhlCategory.h */ = {isa = PBXFileReference; fileEncoding = 4; lastKnownFileType = sourcecode.c.h; path = "NSArray+XhlCategory.h"; sourceTree = "<group>"; };
		DB0AD9722B906F18003E2CAF /* NSUserDefaults+XHLCategory.h */ = {isa = PBXFileReference; fileEncoding = 4; lastKnownFileType = sourcecode.c.h; path = "NSUserDefaults+XHLCategory.h"; sourceTree = "<group>"; };
		DB0AD9732B906F18003E2CAF /* NSAttributedString+XhlCategory.m */ = {isa = PBXFileReference; fileEncoding = 4; lastKnownFileType = sourcecode.c.objc; path = "NSAttributedString+XhlCategory.m"; sourceTree = "<group>"; };
		DB0AD9742B906F18003E2CAF /* NSString+XhlCategory.h */ = {isa = PBXFileReference; fileEncoding = 4; lastKnownFileType = sourcecode.c.h; path = "NSString+XhlCategory.h"; sourceTree = "<group>"; };
		DB0AD9752B906F18003E2CAF /* PHPhotoLibrary+XhlCategory.m */ = {isa = PBXFileReference; fileEncoding = 4; lastKnownFileType = sourcecode.c.objc; path = "PHPhotoLibrary+XhlCategory.m"; sourceTree = "<group>"; };
		DB0AD9762B906F18003E2CAF /* NSDate+XHLCategory.m */ = {isa = PBXFileReference; fileEncoding = 4; lastKnownFileType = sourcecode.c.objc; path = "NSDate+XHLCategory.m"; sourceTree = "<group>"; };
		DB0AD9772B906F18003E2CAF /* NSURL+XHLCategory.m */ = {isa = PBXFileReference; fileEncoding = 4; lastKnownFileType = sourcecode.c.objc; path = "NSURL+XHLCategory.m"; sourceTree = "<group>"; };
		DB0AD9782B906F18003E2CAF /* NSData+XhlCategory.m */ = {isa = PBXFileReference; fileEncoding = 4; lastKnownFileType = sourcecode.c.objc; path = "NSData+XhlCategory.m"; sourceTree = "<group>"; };
		DB0AD9792B906F18003E2CAF /* XhlBaseObject.h */ = {isa = PBXFileReference; fileEncoding = 4; lastKnownFileType = sourcecode.c.h; path = XhlBaseObject.h; sourceTree = "<group>"; };
		DB0AD97C2B906F18003E2CAF /* XHLDatePicker.m */ = {isa = PBXFileReference; fileEncoding = 4; lastKnownFileType = sourcecode.c.objc; path = XHLDatePicker.m; sourceTree = "<group>"; };
		DB0AD97D2B906F18003E2CAF /* UICollectionViewLeftAlignedLayout.h */ = {isa = PBXFileReference; fileEncoding = 4; lastKnownFileType = sourcecode.c.h; path = UICollectionViewLeftAlignedLayout.h; sourceTree = "<group>"; };
		DB0AD97E2B906F18003E2CAF /* XHLPicker.h */ = {isa = PBXFileReference; fileEncoding = 4; lastKnownFileType = sourcecode.c.h; path = XHLPicker.h; sourceTree = "<group>"; };
		DB0AD97F2B906F18003E2CAF /* UICollectionViewRightAlignedLayout.m */ = {isa = PBXFileReference; fileEncoding = 4; lastKnownFileType = sourcecode.c.objc; path = UICollectionViewRightAlignedLayout.m; sourceTree = "<group>"; };
		DB0AD9802B906F18003E2CAF /* XhlShowToolView.m */ = {isa = PBXFileReference; fileEncoding = 4; lastKnownFileType = sourcecode.c.objc; path = XhlShowToolView.m; sourceTree = "<group>"; };
		DB0AD9812B906F18003E2CAF /* UICollectionViewLeftAlignedLayout.m */ = {isa = PBXFileReference; fileEncoding = 4; lastKnownFileType = sourcecode.c.objc; path = UICollectionViewLeftAlignedLayout.m; sourceTree = "<group>"; };
		DB0AD9822B906F18003E2CAF /* XHLDatePicker.h */ = {isa = PBXFileReference; fileEncoding = 4; lastKnownFileType = sourcecode.c.h; path = XHLDatePicker.h; sourceTree = "<group>"; };
		DB0AD9832B906F18003E2CAF /* UICollectionViewRightAlignedLayout.h */ = {isa = PBXFileReference; fileEncoding = 4; lastKnownFileType = sourcecode.c.h; path = UICollectionViewRightAlignedLayout.h; sourceTree = "<group>"; };
		DB0AD9842B906F18003E2CAF /* XHLPicker.m */ = {isa = PBXFileReference; fileEncoding = 4; lastKnownFileType = sourcecode.c.objc; path = XHLPicker.m; sourceTree = "<group>"; };
		DB0AD9852B906F18003E2CAF /* XhlShowToolView.h */ = {isa = PBXFileReference; fileEncoding = 4; lastKnownFileType = sourcecode.c.h; path = XhlShowToolView.h; sourceTree = "<group>"; };
		DB0AD9872B906F18003E2CAF /* XhlMacro.h */ = {isa = PBXFileReference; fileEncoding = 4; lastKnownFileType = sourcecode.c.h; path = XhlMacro.h; sourceTree = "<group>"; };
		DB0AD9882B906F18003E2CAF /* XHLGradientHelper.m */ = {isa = PBXFileReference; fileEncoding = 4; lastKnownFileType = sourcecode.c.objc; path = XHLGradientHelper.m; sourceTree = "<group>"; };
		DB0AD9892B906F18003E2CAF /* XhlDataSource.m */ = {isa = PBXFileReference; fileEncoding = 4; lastKnownFileType = sourcecode.c.objc; path = XhlDataSource.m; sourceTree = "<group>"; };
		DB0AD98A2B906F18003E2CAF /* XhlInitView.m */ = {isa = PBXFileReference; fileEncoding = 4; lastKnownFileType = sourcecode.c.objc; path = XhlInitView.m; sourceTree = "<group>"; };
		DB0AD98B2B906F18003E2CAF /* XhlLabelImage.h */ = {isa = PBXFileReference; fileEncoding = 4; lastKnownFileType = sourcecode.c.h; path = XhlLabelImage.h; sourceTree = "<group>"; };
		DB0AD98C2B906F18003E2CAF /* XhlMacro.m */ = {isa = PBXFileReference; fileEncoding = 4; lastKnownFileType = sourcecode.c.objc; path = XhlMacro.m; sourceTree = "<group>"; };
		DB0AD98D2B906F18003E2CAF /* XHLGradientHelper.h */ = {isa = PBXFileReference; fileEncoding = 4; lastKnownFileType = sourcecode.c.h; path = XHLGradientHelper.h; sourceTree = "<group>"; };
		DB0AD98E2B906F18003E2CAF /* XhlLabelImage.m */ = {isa = PBXFileReference; fileEncoding = 4; lastKnownFileType = sourcecode.c.objc; path = XhlLabelImage.m; sourceTree = "<group>"; };
		DB0AD98F2B906F18003E2CAF /* XhlInitView.h */ = {isa = PBXFileReference; fileEncoding = 4; lastKnownFileType = sourcecode.c.h; path = XhlInitView.h; sourceTree = "<group>"; };
		DB0AD9902B906F18003E2CAF /* XhlDataSource.h */ = {isa = PBXFileReference; fileEncoding = 4; lastKnownFileType = sourcecode.c.h; path = XhlDataSource.h; sourceTree = "<group>"; };
		DB0AD9912B906F18003E2CAF /* XHLUIKit.h */ = {isa = PBXFileReference; fileEncoding = 4; lastKnownFileType = sourcecode.c.h; path = XHLUIKit.h; sourceTree = "<group>"; };
		DB0AD9932B906F18003E2CAF /* UIViewController+ImagePicker.m */ = {isa = PBXFileReference; fileEncoding = 4; lastKnownFileType = sourcecode.c.objc; path = "UIViewController+ImagePicker.m"; sourceTree = "<group>"; };
		DB0AD9942B906F18003E2CAF /* UIButton+XhlCategory.h */ = {isa = PBXFileReference; fileEncoding = 4; lastKnownFileType = sourcecode.c.h; path = "UIButton+XhlCategory.h"; sourceTree = "<group>"; };
		DB0AD9952B906F18003E2CAF /* UIView+XhlCategory.m */ = {isa = PBXFileReference; fileEncoding = 4; lastKnownFileType = sourcecode.c.objc; path = "UIView+XhlCategory.m"; sourceTree = "<group>"; };
		DB0AD9962B906F18003E2CAF /* UIDevice+XhlCategory.m */ = {isa = PBXFileReference; fileEncoding = 4; lastKnownFileType = sourcecode.c.objc; path = "UIDevice+XhlCategory.m"; sourceTree = "<group>"; };
		DB0AD9972B906F18003E2CAF /* UIScrollView+XHLCategory.m */ = {isa = PBXFileReference; fileEncoding = 4; lastKnownFileType = sourcecode.c.objc; path = "UIScrollView+XHLCategory.m"; sourceTree = "<group>"; };
		DB0AD9982B906F18003E2CAF /* UIViewController+XHLCategory.m */ = {isa = PBXFileReference; fileEncoding = 4; lastKnownFileType = sourcecode.c.objc; path = "UIViewController+XHLCategory.m"; sourceTree = "<group>"; };
		DB0AD9992B906F18003E2CAF /* UIView+XhlInputControl.m */ = {isa = PBXFileReference; fileEncoding = 4; lastKnownFileType = sourcecode.c.objc; path = "UIView+XhlInputControl.m"; sourceTree = "<group>"; };
		DB0AD99A2B906F18003E2CAF /* UIImage+Watermark.m */ = {isa = PBXFileReference; fileEncoding = 4; lastKnownFileType = sourcecode.c.objc; path = "UIImage+Watermark.m"; sourceTree = "<group>"; };
		DB0AD99B2B906F18003E2CAF /* UIAlertController+XhlCategory.h */ = {isa = PBXFileReference; fileEncoding = 4; lastKnownFileType = sourcecode.c.h; path = "UIAlertController+XhlCategory.h"; sourceTree = "<group>"; };
		DB0AD99C2B906F18003E2CAF /* UIResponder+XHLCategory.h */ = {isa = PBXFileReference; fileEncoding = 4; lastKnownFileType = sourcecode.c.h; path = "UIResponder+XHLCategory.h"; sourceTree = "<group>"; };
		DB0AD99D2B906F18003E2CAF /* UIApplication+XhlCategory.m */ = {isa = PBXFileReference; fileEncoding = 4; lastKnownFileType = sourcecode.c.objc; path = "UIApplication+XhlCategory.m"; sourceTree = "<group>"; };
		DB0AD99E2B906F18003E2CAF /* UIColor+XhlCategory.h */ = {isa = PBXFileReference; fileEncoding = 4; lastKnownFileType = sourcecode.c.h; path = "UIColor+XhlCategory.h"; sourceTree = "<group>"; };
		DB0AD99F2B906F18003E2CAF /* UITextView+XhlCategory.m */ = {isa = PBXFileReference; fileEncoding = 4; lastKnownFileType = sourcecode.c.objc; path = "UITextView+XhlCategory.m"; sourceTree = "<group>"; };
		DB0AD9A02B906F18003E2CAF /* UITableViewCell+XhlCategory.m */ = {isa = PBXFileReference; fileEncoding = 4; lastKnownFileType = sourcecode.c.objc; path = "UITableViewCell+XhlCategory.m"; sourceTree = "<group>"; };
		DB0AD9A12B906F18003E2CAF /* UIViewController+RequestPar.h */ = {isa = PBXFileReference; fileEncoding = 4; lastKnownFileType = sourcecode.c.h; path = "UIViewController+RequestPar.h"; sourceTree = "<group>"; };
		DB0AD9A22B906F18003E2CAF /* UIImage+XhlCategory.h */ = {isa = PBXFileReference; fileEncoding = 4; lastKnownFileType = sourcecode.c.h; path = "UIImage+XhlCategory.h"; sourceTree = "<group>"; };
		DB0AD9A32B906F18003E2CAF /* UIScreen+XhlCategory.m */ = {isa = PBXFileReference; fileEncoding = 4; lastKnownFileType = sourcecode.c.objc; path = "UIScreen+XhlCategory.m"; sourceTree = "<group>"; };
		DB0AD9A42B906F18003E2CAF /* UIView+XhlCategory.h */ = {isa = PBXFileReference; fileEncoding = 4; lastKnownFileType = sourcecode.c.h; path = "UIView+XhlCategory.h"; sourceTree = "<group>"; };
		DB0AD9A52B906F18003E2CAF /* UIButton+XhlCategory.m */ = {isa = PBXFileReference; fileEncoding = 4; lastKnownFileType = sourcecode.c.objc; path = "UIButton+XhlCategory.m"; sourceTree = "<group>"; };
		DB0AD9A62B906F18003E2CAF /* UIViewController+ImagePicker.h */ = {isa = PBXFileReference; fileEncoding = 4; lastKnownFileType = sourcecode.c.h; path = "UIViewController+ImagePicker.h"; sourceTree = "<group>"; };
		DB0AD9A72B906F18003E2CAF /* UIDevice+XhlCategory.h */ = {isa = PBXFileReference; fileEncoding = 4; lastKnownFileType = sourcecode.c.h; path = "UIDevice+XhlCategory.h"; sourceTree = "<group>"; };
		DB0AD9A82B906F18003E2CAF /* UIResponder+XHLCategory.m */ = {isa = PBXFileReference; fileEncoding = 4; lastKnownFileType = sourcecode.c.objc; path = "UIResponder+XHLCategory.m"; sourceTree = "<group>"; };
		DB0AD9A92B906F18003E2CAF /* UIAlertController+XhlCategory.m */ = {isa = PBXFileReference; fileEncoding = 4; lastKnownFileType = sourcecode.c.objc; path = "UIAlertController+XhlCategory.m"; sourceTree = "<group>"; };
		DB0AD9AA2B906F18003E2CAF /* UIImage+Watermark.h */ = {isa = PBXFileReference; fileEncoding = 4; lastKnownFileType = sourcecode.c.h; path = "UIImage+Watermark.h"; sourceTree = "<group>"; };
		DB0AD9AB2B906F18003E2CAF /* UIView+XhlInputControl.h */ = {isa = PBXFileReference; fileEncoding = 4; lastKnownFileType = sourcecode.c.h; path = "UIView+XhlInputControl.h"; sourceTree = "<group>"; };
		DB0AD9AC2B906F18003E2CAF /* UIViewController+XHLCategory.h */ = {isa = PBXFileReference; fileEncoding = 4; lastKnownFileType = sourcecode.c.h; path = "UIViewController+XHLCategory.h"; sourceTree = "<group>"; };
		DB0AD9AD2B906F18003E2CAF /* UIScrollView+XHLCategory.h */ = {isa = PBXFileReference; fileEncoding = 4; lastKnownFileType = sourcecode.c.h; path = "UIScrollView+XHLCategory.h"; sourceTree = "<group>"; };
		DB0AD9AE2B906F18003E2CAF /* UIScreen+XhlCategory.h */ = {isa = PBXFileReference; fileEncoding = 4; lastKnownFileType = sourcecode.c.h; path = "UIScreen+XhlCategory.h"; sourceTree = "<group>"; };
		DB0AD9AF2B906F18003E2CAF /* UIViewController+RequestPar.m */ = {isa = PBXFileReference; fileEncoding = 4; lastKnownFileType = sourcecode.c.objc; path = "UIViewController+RequestPar.m"; sourceTree = "<group>"; };
		DB0AD9B02B906F18003E2CAF /* UIImage+XhlCategory.m */ = {isa = PBXFileReference; fileEncoding = 4; lastKnownFileType = sourcecode.c.objc; path = "UIImage+XhlCategory.m"; sourceTree = "<group>"; };
		DB0AD9B12B906F18003E2CAF /* UITableViewCell+XhlCategory.h */ = {isa = PBXFileReference; fileEncoding = 4; lastKnownFileType = sourcecode.c.h; path = "UITableViewCell+XhlCategory.h"; sourceTree = "<group>"; };
		DB0AD9B22B906F18003E2CAF /* UITextView+XhlCategory.h */ = {isa = PBXFileReference; fileEncoding = 4; lastKnownFileType = sourcecode.c.h; path = "UITextView+XhlCategory.h"; sourceTree = "<group>"; };
		DB0AD9B32B906F18003E2CAF /* UIApplication+XhlCategory.h */ = {isa = PBXFileReference; fileEncoding = 4; lastKnownFileType = sourcecode.c.h; path = "UIApplication+XhlCategory.h"; sourceTree = "<group>"; };
		DB0AD9B42B906F18003E2CAF /* UIColor+XhlCategory.m */ = {isa = PBXFileReference; fileEncoding = 4; lastKnownFileType = sourcecode.c.objc; path = "UIColor+XhlCategory.m"; sourceTree = "<group>"; };
		DBC6189E250230D2000B7DB3 /* XhlBaseObjectTests.xctest */ = {isa = PBXFileReference; explicitFileType = wrapper.cfbundle; includeInIndex = 0; path = XhlBaseObjectTests.xctest; sourceTree = BUILT_PRODUCTS_DIR; };
		DBC618A5250230D2000B7DB3 /* XhlBaseObjectTests.m */ = {isa = PBXFileReference; lastKnownFileType = sourcecode.c.objc; path = XhlBaseObjectTests.m; sourceTree = "<group>"; };
		DBC618A7250230D2000B7DB3 /* Info.plist */ = {isa = PBXFileReference; lastKnownFileType = text.plist.xml; path = Info.plist; sourceTree = "<group>"; };
/* End PBXFileReference section */

/* Begin PBXFrameworksBuildPhase section */
		825FA6F721E4694C00AB1744 /* Frameworks */ = {
			isa = PBXFrameworksBuildPhase;
			buildActionMask = 2147483647;
			files = (
			);
			runOnlyForDeploymentPostprocessing = 0;
		};
		DBC6189B250230D2000B7DB3 /* Frameworks */ = {
			isa = PBXFrameworksBuildPhase;
			buildActionMask = 2147483647;
			files = (
			);
			runOnlyForDeploymentPostprocessing = 0;
		};
/* End PBXFrameworksBuildPhase section */

/* Begin PBXGroup section */
		825FA6F121E4694C00AB1744 = {
			isa = PBXGroup;
			children = (
				825FA6FC21E4694C00AB1744 /* XhlBaseObjectDemo */,
				DBC618A4250230D2000B7DB3 /* XhlBaseObjectTests */,
				825FA6FB21E4694C00AB1744 /* Products */,
			);
			sourceTree = "<group>";
		};
		825FA6FB21E4694C00AB1744 /* Products */ = {
			isa = PBXGroup;
			children = (
				825FA6FA21E4694C00AB1744 /* XhlBaseObjectDemo.app */,
				DBC6189E250230D2000B7DB3 /* XhlBaseObjectTests.xctest */,
			);
			name = Products;
			sourceTree = "<group>";
		};
		825FA6FC21E4694C00AB1744 /* XhlBaseObjectDemo */ = {
			isa = PBXGroup;
			children = (
				DB0AD9432B906F18003E2CAF /* XhlBaseObject */,
				825FA6FD21E4694C00AB1744 /* AppDelegate.h */,
				825FA6FE21E4694C00AB1744 /* AppDelegate.m */,
				8290B767228AAC5C001C89EA /* XhlTableTestController.h */,
				8290B768228AAC5C001C89EA /* XhlTableTestController.m */,
				8290B76A228AAC77001C89EA /* XhlTableTestCell.h */,
				8290B76B228AAC77001C89EA /* XhlTableTestCell.m */,
				825FA70021E4694C00AB1744 /* ViewController.h */,
				825FA70121E4694C00AB1744 /* ViewController.m */,
				825FA70321E4694C00AB1744 /* Main.storyboard */,
				825FA70621E4694D00AB1744 /* Assets.xcassets */,
				825FA70821E4694D00AB1744 /* LaunchScreen.storyboard */,
				825FA70B21E4694D00AB1744 /* Info.plist */,
				825FA70C21E4694D00AB1744 /* main.m */,
			);
			path = XhlBaseObjectDemo;
			sourceTree = "<group>";
		};
		DB0AD9432B906F18003E2CAF /* XhlBaseObject */ = {
			isa = PBXGroup;
			children = (
				DB0AD9792B906F18003E2CAF /* XhlBaseObject.h */,
				DB0AD9442B906F18003E2CAF /* XHlFoundation */,
				DB0AD97A2B906F18003E2CAF /* XHLUIKit */,
			);
			path = XhlBaseObject;
			sourceTree = SOURCE_ROOT;
		};
		DB0AD9442B906F18003E2CAF /* XHlFoundation */ = {
			isa = PBXGroup;
			children = (
				DB0AD9452B906F18003E2CAF /* XHLFoundation.h */,
				DB0AD9462B906F18003E2CAF /* otherTool */,
				DB0AD9572B906F18003E2CAF /* Categoryies */,
			);
			path = XHlFoundation;
			sourceTree = "<group>";
		};
		DB0AD9462B906F18003E2CAF /* otherTool */ = {
			isa = PBXGroup;
			children = (
				DB0AD94B2B906F18003E2CAF /* Xcode14Fixer.h */,
				DB0AD9562B906F18003E2CAF /* Xcode14Fixer.m */,
				DB0AD9502B906F18003E2CAF /* XhlAuthTools.h */,
				DB0AD94A2B906F18003E2CAF /* XhlAuthTools.m */,
				DB0AD9532B906F18003E2CAF /* XhlButtonConfigModel.h */,
				DB0AD94E2B906F18003E2CAF /* XhlButtonConfigModel.m */,
				DB0AD9542B906F18003E2CAF /* XHLCacheManager.h */,
				DB0AD94D2B906F18003E2CAF /* XHLCacheManager.m */,
				DB0AD9492B906F18003E2CAF /* XHLFileManager.h */,
				DB0AD9512B906F18003E2CAF /* XHLFileManager.m */,
				DB0AD9472B906F18003E2CAF /* XhlItemModel.h */,
				DB0AD94F2B906F18003E2CAF /* XhlItemModel.m */,
				DB0AD9482B906F18003E2CAF /* XhlOutputModelTool.h */,
				DB0AD9522B906F18003E2CAF /* XhlOutputModelTool.m */,
				DB0AD9552B906F18003E2CAF /* XhlTimer.h */,
				DB0AD94C2B906F18003E2CAF /* XhlTimer.m */,
			);
			path = otherTool;
			sourceTree = "<group>";
		};
		DB0AD9572B906F18003E2CAF /* Categoryies */ = {
			isa = PBXGroup;
			children = (
				DB0AD9712B906F18003E2CAF /* NSArray+XhlCategory.h */,
				DB0AD9692B906F18003E2CAF /* NSArray+XhlCategory.m */,
				DB0AD9672B906F18003E2CAF /* NSAttributedString+XhlCategory.h */,
				DB0AD9732B906F18003E2CAF /* NSAttributedString+XhlCategory.m */,
				DB0AD9652B906F18003E2CAF /* NSBundle+XhlCategory.h */,
				DB0AD9702B906F18003E2CAF /* NSBundle+XhlCategory.m */,
				DB0AD96A2B906F18003E2CAF /* NSData+XhlCategory.h */,
				DB0AD9782B906F18003E2CAF /* NSData+XhlCategory.m */,
				DB0AD96C2B906F18003E2CAF /* NSDate+XHLCategory.h */,
				DB0AD9762B906F18003E2CAF /* NSDate+XHLCategory.m */,
				DB0AD96E2B906F18003E2CAF /* NSDictionary+XhlCategory.h */,
				DB0AD9592B906F18003E2CAF /* NSDictionary+XhlCategory.m */,
				DB0AD96F2B906F18003E2CAF /* NSMutableArray+XHLCategory.h */,
				DB0AD9582B906F18003E2CAF /* NSMutableArray+XHLCategory.m */,
				DB0AD9742B906F18003E2CAF /* NSString+XhlCategory.h */,
				DB0AD9662B906F18003E2CAF /* NSString+XhlCategory.m */,
				DB0AD96B2B906F18003E2CAF /* NSURL+XHLCategory.h */,
				DB0AD9772B906F18003E2CAF /* NSURL+XHLCategory.m */,
				DB0AD9722B906F18003E2CAF /* NSUserDefaults+XHLCategory.h */,
				DB0AD9682B906F18003E2CAF /* NSUserDefaults+XHLCategory.m */,
				DB0AD96D2B906F18003E2CAF /* PHPhotoLibrary+XhlCategory.h */,
				DB0AD9752B906F18003E2CAF /* PHPhotoLibrary+XhlCategory.m */,
				DB0AD95A2B906F18003E2CAF /* XHLRunTime */,
			);
			path = Categoryies;
			sourceTree = "<group>";
		};
		DB0AD95A2B906F18003E2CAF /* XHLRunTime */ = {
			isa = PBXGroup;
			children = (
				DB0AD95B2B906F18003E2CAF /* NSObject+XHLDealloc.h */,
				DB0AD95C2B906F18003E2CAF /* NSObject+XHLKVO.m */,
				DB0AD95D2B906F18003E2CAF /* NSObject+XHLAssociate.h */,
				DB0AD95E2B906F18003E2CAF /* NSObject+XHLRuntime.m */,
				DB0AD95F2B906F18003E2CAF /* NSObject+XHLNotification.h */,
				DB0AD9602B906F18003E2CAF /* NSObject+XHLDealloc.m */,
				DB0AD9612B906F18003E2CAF /* NSObject+XHLKVO.h */,
				DB0AD9622B906F18003E2CAF /* NSObject+XHLRuntime.h */,
				DB0AD9632B906F18003E2CAF /* NSObject+XHLNotification.m */,
				DB0AD9642B906F18003E2CAF /* NSObject+XHLAssociate.m */,
			);
			path = XHLRunTime;
			sourceTree = "<group>";
		};
		DB0AD97A2B906F18003E2CAF /* XHLUIKit */ = {
			isa = PBXGroup;
			children = (
				DB0AD9922B906F18003E2CAF /* Categoryies */,
				DB0AD97B2B906F18003E2CAF /* CocoaUIStyle */,
				DB0AD9862B906F18003E2CAF /* ToolUI */,
				DB0AD9912B906F18003E2CAF /* XHLUIKit.h */,
			);
			path = XHLUIKit;
			sourceTree = "<group>";
		};
		DB0AD97B2B906F18003E2CAF /* CocoaUIStyle */ = {
			isa = PBXGroup;
			children = (
				DB0AD97C2B906F18003E2CAF /* XHLDatePicker.m */,
				DB0AD97D2B906F18003E2CAF /* UICollectionViewLeftAlignedLayout.h */,
				DB0AD97E2B906F18003E2CAF /* XHLPicker.h */,
				DB0AD97F2B906F18003E2CAF /* UICollectionViewRightAlignedLayout.m */,
				DB0AD9802B906F18003E2CAF /* XhlShowToolView.m */,
				DB0AD9812B906F18003E2CAF /* UICollectionViewLeftAlignedLayout.m */,
				DB0AD9822B906F18003E2CAF /* XHLDatePicker.h */,
				DB0AD9832B906F18003E2CAF /* UICollectionViewRightAlignedLayout.h */,
				DB0AD9842B906F18003E2CAF /* XHLPicker.m */,
				DB0AD9852B906F18003E2CAF /* XhlShowToolView.h */,
			);
			path = CocoaUIStyle;
			sourceTree = "<group>";
		};
		DB0AD9862B906F18003E2CAF /* ToolUI */ = {
			isa = PBXGroup;
			children = (
				DB0AD9872B906F18003E2CAF /* XhlMacro.h */,
				DB0AD9882B906F18003E2CAF /* XHLGradientHelper.m */,
				DB0AD9892B906F18003E2CAF /* XhlDataSource.m */,
				DB0AD98A2B906F18003E2CAF /* XhlInitView.m */,
				DB0AD98B2B906F18003E2CAF /* XhlLabelImage.h */,
				DB0AD98C2B906F18003E2CAF /* XhlMacro.m */,
				DB0AD98D2B906F18003E2CAF /* XHLGradientHelper.h */,
				DB0AD98E2B906F18003E2CAF /* XhlLabelImage.m */,
				DB0AD98F2B906F18003E2CAF /* XhlInitView.h */,
				DB0AD9902B906F18003E2CAF /* XhlDataSource.h */,
			);
			path = ToolUI;
			sourceTree = "<group>";
		};
		DB0AD9922B906F18003E2CAF /* Categoryies */ = {
			isa = PBXGroup;
			children = (
				DB0AD9932B906F18003E2CAF /* UIViewController+ImagePicker.m */,
				DB0AD9942B906F18003E2CAF /* UIButton+XhlCategory.h */,
				DB0AD9952B906F18003E2CAF /* UIView+XhlCategory.m */,
				DB0AD9962B906F18003E2CAF /* UIDevice+XhlCategory.m */,
				DB0AD9972B906F18003E2CAF /* UIScrollView+XHLCategory.m */,
				DB0AD9982B906F18003E2CAF /* UIViewController+XHLCategory.m */,
				DB0AD9992B906F18003E2CAF /* UIView+XhlInputControl.m */,
				DB0AD99A2B906F18003E2CAF /* UIImage+Watermark.m */,
				DB0AD99B2B906F18003E2CAF /* UIAlertController+XhlCategory.h */,
				DB0AD99C2B906F18003E2CAF /* UIResponder+XHLCategory.h */,
				DB0AD99D2B906F18003E2CAF /* UIApplication+XhlCategory.m */,
				DB0AD99E2B906F18003E2CAF /* UIColor+XhlCategory.h */,
				DB0AD99F2B906F18003E2CAF /* UITextView+XhlCategory.m */,
				DB0AD9A02B906F18003E2CAF /* UITableViewCell+XhlCategory.m */,
				DB0AD9A12B906F18003E2CAF /* UIViewController+RequestPar.h */,
				DB0AD9A22B906F18003E2CAF /* UIImage+XhlCategory.h */,
				DB0AD9A32B906F18003E2CAF /* UIScreen+XhlCategory.m */,
				DB0AD9A42B906F18003E2CAF /* UIView+XhlCategory.h */,
				DB0AD9A52B906F18003E2CAF /* UIButton+XhlCategory.m */,
				DB0AD9A62B906F18003E2CAF /* UIViewController+ImagePicker.h */,
				DB0AD9A72B906F18003E2CAF /* UIDevice+XhlCategory.h */,
				DB0AD9A82B906F18003E2CAF /* UIResponder+XHLCategory.m */,
				DB0AD9A92B906F18003E2CAF /* UIAlertController+XhlCategory.m */,
				DB0AD9AA2B906F18003E2CAF /* UIImage+Watermark.h */,
				DB0AD9AB2B906F18003E2CAF /* UIView+XhlInputControl.h */,
				DB0AD9AC2B906F18003E2CAF /* UIViewController+XHLCategory.h */,
				DB0AD9AD2B906F18003E2CAF /* UIScrollView+XHLCategory.h */,
				DB0AD9AE2B906F18003E2CAF /* UIScreen+XhlCategory.h */,
				DB0AD9AF2B906F18003E2CAF /* UIViewController+RequestPar.m */,
				DB0AD9B02B906F18003E2CAF /* UIImage+XhlCategory.m */,
				DB0AD9B12B906F18003E2CAF /* UITableViewCell+XhlCategory.h */,
				DB0AD9B22B906F18003E2CAF /* UITextView+XhlCategory.h */,
				DB0AD9B32B906F18003E2CAF /* UIApplication+XhlCategory.h */,
				DB0AD9B42B906F18003E2CAF /* UIColor+XhlCategory.m */,
			);
			path = Categoryies;
			sourceTree = "<group>";
		};
		DBC618A4250230D2000B7DB3 /* XhlBaseObjectTests */ = {
			isa = PBXGroup;
			children = (
				DBC618A5250230D2000B7DB3 /* XhlBaseObjectTests.m */,
				DBC618A7250230D2000B7DB3 /* Info.plist */,
			);
			path = XhlBaseObjectTests;
			sourceTree = "<group>";
		};
/* End PBXGroup section */

/* Begin PBXNativeTarget section */
		825FA6F921E4694C00AB1744 /* XhlBaseObjectDemo */ = {
			isa = PBXNativeTarget;
			buildConfigurationList = 825FA71021E4694D00AB1744 /* Build configuration list for PBXNativeTarget "XhlBaseObjectDemo" */;
			buildPhases = (
				825FA6F621E4694C00AB1744 /* Sources */,
				825FA6F721E4694C00AB1744 /* Frameworks */,
				825FA6F821E4694C00AB1744 /* Resources */,
				DBC618B2250230D2000B7DB3 /* Embed Frameworks */,
			);
			buildRules = (
			);
			dependencies = (
			);
			name = XhlBaseObjectDemo;
			productName = XhlBaseObjectDemo;
			productReference = 825FA6FA21E4694C00AB1744 /* XhlBaseObjectDemo.app */;
			productType = "com.apple.product-type.application";
		};
		DBC6189D250230D2000B7DB3 /* XhlBaseObjectTests */ = {
			isa = PBXNativeTarget;
			buildConfigurationList = DBC618B3250230D2000B7DB3 /* Build configuration list for PBXNativeTarget "XhlBaseObjectTests" */;
			buildPhases = (
				DBC6189A250230D2000B7DB3 /* Sources */,
				DBC6189B250230D2000B7DB3 /* Frameworks */,
				DBC6189C250230D2000B7DB3 /* Resources */,
			);
			buildRules = (
			);
			dependencies = (
				DBC618A3250230D2000B7DB3 /* PBXTargetDependency */,
			);
			name = XhlBaseObjectTests;
			productName = XhlBaseObjectTests;
			productReference = DBC6189E250230D2000B7DB3 /* XhlBaseObjectTests.xctest */;
			productType = "com.apple.product-type.bundle.unit-test";
		};
/* End PBXNativeTarget section */

/* Begin PBXProject section */
		825FA6F221E4694C00AB1744 /* Project object */ = {
			isa = PBXProject;
			attributes = {
				LastUpgradeCheck = 1010;
				ORGANIZATIONNAME = rogue;
				TargetAttributes = {
					825FA6F921E4694C00AB1744 = {
						CreatedOnToolsVersion = 10.1;
					};
					DBC6189D250230D2000B7DB3 = {
						CreatedOnToolsVersion = 10.2.1;
						TestTargetID = 825FA6F921E4694C00AB1744;
					};
				};
			};
			buildConfigurationList = 825FA6F521E4694C00AB1744 /* Build configuration list for PBXProject "XhlBaseObjectDemo" */;
			compatibilityVersion = "Xcode 9.3";
			developmentRegion = en;
			hasScannedForEncodings = 0;
			knownRegions = (
				en,
				Base,
			);
			mainGroup = 825FA6F121E4694C00AB1744;
			productRefGroup = 825FA6FB21E4694C00AB1744 /* Products */;
			projectDirPath = "";
			projectRoot = "";
			targets = (
				825FA6F921E4694C00AB1744 /* XhlBaseObjectDemo */,
				DBC6189D250230D2000B7DB3 /* XhlBaseObjectTests */,
			);
		};
/* End PBXProject section */

/* Begin PBXResourcesBuildPhase section */
		825FA6F821E4694C00AB1744 /* Resources */ = {
			isa = PBXResourcesBuildPhase;
			buildActionMask = 2147483647;
			files = (
				825FA70A21E4694D00AB1744 /* LaunchScreen.storyboard in Resources */,
				825FA70721E4694D00AB1744 /* Assets.xcassets in Resources */,
				825FA70521E4694C00AB1744 /* Main.storyboard in Resources */,
			);
			runOnlyForDeploymentPostprocessing = 0;
		};
		DBC6189C250230D2000B7DB3 /* Resources */ = {
			isa = PBXResourcesBuildPhase;
			buildActionMask = 2147483647;
			files = (
			);
			runOnlyForDeploymentPostprocessing = 0;
		};
/* End PBXResourcesBuildPhase section */

/* Begin PBXSourcesBuildPhase section */
		825FA6F621E4694C00AB1744 /* Sources */ = {
			isa = PBXSourcesBuildPhase;
			buildActionMask = 2147483647;
			files = (
				DB0AD9D92B906F18003E2CAF /* UIDevice+XhlCategory.m in Sources */,
				DB0AD9CE2B906F18003E2CAF /* UICollectionViewRightAlignedLayout.m in Sources */,
				DB0AD9C52B906F18003E2CAF /* NSUserDefaults+XHLCategory.m in Sources */,
				DB0AD9E22B906F18003E2CAF /* UIButton+XhlCategory.m in Sources */,
				8290B76C228AAC77001C89EA /* XhlTableTestCell.m in Sources */,
				DB0AD9DD2B906F18003E2CAF /* UIImage+Watermark.m in Sources */,
				825FA70221E4694C00AB1744 /* ViewController.m in Sources */,
				DB0AD9BD2B906F18003E2CAF /* NSMutableArray+XHLCategory.m in Sources */,
				DB0AD9BA2B906F18003E2CAF /* XHLFileManager.m in Sources */,
				DB0AD9D22B906F18003E2CAF /* XHLGradientHelper.m in Sources */,
				DB0AD9C92B906F18003E2CAF /* PHPhotoLibrary+XhlCategory.m in Sources */,
				DB0AD9BE2B906F18003E2CAF /* NSDictionary+XhlCategory.m in Sources */,
				DB0AD9DC2B906F18003E2CAF /* UIView+XhlInputControl.m in Sources */,
				DB0AD9C32B906F18003E2CAF /* NSObject+XHLAssociate.m in Sources */,
				825FA70D21E4694D00AB1744 /* main.m in Sources */,
				DB0AD9D82B906F18003E2CAF /* UIView+XhlCategory.m in Sources */,
				DB0AD9CC2B906F18003E2CAF /* NSData+XhlCategory.m in Sources */,
				DB0AD9B82B906F18003E2CAF /* XhlButtonConfigModel.m in Sources */,
				DB0AD9C72B906F18003E2CAF /* NSBundle+XhlCategory.m in Sources */,
				825FA6FF21E4694C00AB1744 /* AppDelegate.m in Sources */,
				DB0AD9B62B906F18003E2CAF /* XhlTimer.m in Sources */,
				DB0AD9B52B906F18003E2CAF /* XhlAuthTools.m in Sources */,
				DB0AD9E42B906F18003E2CAF /* UIAlertController+XhlCategory.m in Sources */,
				DB0AD9DB2B906F18003E2CAF /* UIViewController+XHLCategory.m in Sources */,
				DB0AD9DF2B906F18003E2CAF /* UITextView+XhlCategory.m in Sources */,
				DB0AD9C62B906F18003E2CAF /* NSArray+XhlCategory.m in Sources */,
				DB0AD9E72B906F18003E2CAF /* UIColor+XhlCategory.m in Sources */,
				DB0AD9E52B906F18003E2CAF /* UIViewController+RequestPar.m in Sources */,
				DB0AD9E32B906F18003E2CAF /* UIResponder+XHLCategory.m in Sources */,
				DB0AD9CB2B906F18003E2CAF /* NSURL+XHLCategory.m in Sources */,
				DB0AD9E02B906F18003E2CAF /* UITableViewCell+XhlCategory.m in Sources */,
				DB0AD9CF2B906F18003E2CAF /* XhlShowToolView.m in Sources */,
				DB0AD9D42B906F18003E2CAF /* XhlInitView.m in Sources */,
				DB0AD9C82B906F18003E2CAF /* NSAttributedString+XhlCategory.m in Sources */,
				DB0AD9E62B906F18003E2CAF /* UIImage+XhlCategory.m in Sources */,
				DB0AD9DE2B906F18003E2CAF /* UIApplication+XhlCategory.m in Sources */,
				DB0AD9D12B906F18003E2CAF /* XHLPicker.m in Sources */,
				8290B769228AAC5C001C89EA /* XhlTableTestController.m in Sources */,
				DB0AD9C42B906F18003E2CAF /* NSString+XhlCategory.m in Sources */,
				DB0AD9C02B906F18003E2CAF /* NSObject+XHLRuntime.m in Sources */,
				DB0AD9D72B906F18003E2CAF /* UIViewController+ImagePicker.m in Sources */,
				DB0AD9D32B906F18003E2CAF /* XhlDataSource.m in Sources */,
				DB0AD9D52B906F18003E2CAF /* XhlMacro.m in Sources */,
				DB0AD9BF2B906F18003E2CAF /* NSObject+XHLKVO.m in Sources */,
				DB0AD9C22B906F18003E2CAF /* NSObject+XHLNotification.m in Sources */,
				DB0AD9DA2B906F18003E2CAF /* UIScrollView+XHLCategory.m in Sources */,
				DB0AD9C12B906F18003E2CAF /* NSObject+XHLDealloc.m in Sources */,
				DB0AD9CD2B906F18003E2CAF /* XHLDatePicker.m in Sources */,
				DB0AD9D62B906F18003E2CAF /* XhlLabelImage.m in Sources */,
				DB0AD9B72B906F18003E2CAF /* XHLCacheManager.m in Sources */,
				DB0AD9D02B906F18003E2CAF /* UICollectionViewLeftAlignedLayout.m in Sources */,
				DB0AD9BC2B906F18003E2CAF /* Xcode14Fixer.m in Sources */,
				DB0AD9CA2B906F18003E2CAF /* NSDate+XHLCategory.m in Sources */,
				DB0AD9B92B906F18003E2CAF /* XhlItemModel.m in Sources */,
				DB0AD9E12B906F18003E2CAF /* UIScreen+XhlCategory.m in Sources */,
				DB0AD9BB2B906F18003E2CAF /* XhlOutputModelTool.m in Sources */,
			);
			runOnlyForDeploymentPostprocessing = 0;
		};
		DBC6189A250230D2000B7DB3 /* Sources */ = {
			isa = PBXSourcesBuildPhase;
			buildActionMask = 2147483647;
			files = (
				DBC618A6250230D2000B7DB3 /* XhlBaseObjectTests.m in Sources */,
			);
			runOnlyForDeploymentPostprocessing = 0;
		};
/* End PBXSourcesBuildPhase section */

/* Begin PBXTargetDependency section */
		DBC618A3250230D2000B7DB3 /* PBXTargetDependency */ = {
			isa = PBXTargetDependency;
			target = 825FA6F921E4694C00AB1744 /* XhlBaseObjectDemo */;
			targetProxy = DBC618A2250230D2000B7DB3 /* PBXContainerItemProxy */;
		};
/* End PBXTargetDependency section */

/* Begin PBXVariantGroup section */
		825FA70321E4694C00AB1744 /* Main.storyboard */ = {
			isa = PBXVariantGroup;
			children = (
				825FA70421E4694C00AB1744 /* Base */,
			);
			name = Main.storyboard;
			sourceTree = "<group>";
		};
		825FA70821E4694D00AB1744 /* LaunchScreen.storyboard */ = {
			isa = PBXVariantGroup;
			children = (
				825FA70921E4694D00AB1744 /* Base */,
			);
			name = LaunchScreen.storyboard;
			sourceTree = "<group>";
		};
/* End PBXVariantGroup section */

/* Begin XCBuildConfiguration section */
		825FA70E21E4694D00AB1744 /* Debug */ = {
			isa = XCBuildConfiguration;
			buildSettings = {
				ALWAYS_SEARCH_USER_PATHS = NO;
				CLANG_ANALYZER_NONNULL = YES;
				CLANG_ANALYZER_NUMBER_OBJECT_CONVERSION = YES_AGGRESSIVE;
				CLANG_CXX_LANGUAGE_STANDARD = "gnu++14";
				CLANG_CXX_LIBRARY = "libc++";
				CLANG_ENABLE_MODULES = YES;
				CLANG_ENABLE_OBJC_ARC = YES;
				CLANG_ENABLE_OBJC_WEAK = YES;
				CLANG_WARN_BLOCK_CAPTURE_AUTORELEASING = YES;
				CLANG_WARN_BOOL_CONVERSION = YES;
				CLANG_WARN_COMMA = YES;
				CLANG_WARN_CONSTANT_CONVERSION = YES;
				CLANG_WARN_DEPRECATED_OBJC_IMPLEMENTATIONS = YES;
				CLANG_WARN_DIRECT_OBJC_ISA_USAGE = YES_ERROR;
				CLANG_WARN_DOCUMENTATION_COMMENTS = YES;
				CLANG_WARN_EMPTY_BODY = YES;
				CLANG_WARN_ENUM_CONVERSION = YES;
				CLANG_WARN_INFINITE_RECURSION = YES;
				CLANG_WARN_INT_CONVERSION = YES;
				CLANG_WARN_NON_LITERAL_NULL_CONVERSION = YES;
				CLANG_WARN_OBJC_IMPLICIT_RETAIN_SELF = YES;
				CLANG_WARN_OBJC_LITERAL_CONVERSION = YES;
				CLANG_WARN_OBJC_ROOT_CLASS = YES_ERROR;
				CLANG_WARN_RANGE_LOOP_ANALYSIS = YES;
				CLANG_WARN_STRICT_PROTOTYPES = YES;
				CLANG_WARN_SUSPICIOUS_MOVE = YES;
				CLANG_WARN_UNGUARDED_AVAILABILITY = YES_AGGRESSIVE;
				CLANG_WARN_UNREACHABLE_CODE = YES;
				CLANG_WARN__DUPLICATE_METHOD_MATCH = YES;
				CODE_SIGN_IDENTITY = "iPhone Developer";
				COPY_PHASE_STRIP = NO;
				DEBUG_INFORMATION_FORMAT = dwarf;
				ENABLE_STRICT_OBJC_MSGSEND = YES;
				ENABLE_TESTABILITY = YES;
				GCC_C_LANGUAGE_STANDARD = gnu11;
				GCC_DYNAMIC_NO_PIC = NO;
				GCC_NO_COMMON_BLOCKS = YES;
				GCC_OPTIMIZATION_LEVEL = 0;
				GCC_PREPROCESSOR_DEFINITIONS = (
					"DEBUG=1",
					"$(inherited)",
				);
				GCC_WARN_64_TO_32_BIT_CONVERSION = YES;
				GCC_WARN_ABOUT_RETURN_TYPE = YES_ERROR;
				GCC_WARN_UNDECLARED_SELECTOR = YES;
				GCC_WARN_UNINITIALIZED_AUTOS = YES_AGGRESSIVE;
				GCC_WARN_UNUSED_FUNCTION = YES;
				GCC_WARN_UNUSED_VARIABLE = YES;
				IPHONEOS_DEPLOYMENT_TARGET = 12.1;
				MTL_ENABLE_DEBUG_INFO = INCLUDE_SOURCE;
				MTL_FAST_MATH = YES;
				ONLY_ACTIVE_ARCH = YES;
				SDKROOT = iphoneos;
			};
			name = Debug;
		};
		825FA70F21E4694D00AB1744 /* Release */ = {
			isa = XCBuildConfiguration;
			buildSettings = {
				ALWAYS_SEARCH_USER_PATHS = NO;
				CLANG_ANALYZER_NONNULL = YES;
				CLANG_ANALYZER_NUMBER_OBJECT_CONVERSION = YES_AGGRESSIVE;
				CLANG_CXX_LANGUAGE_STANDARD = "gnu++14";
				CLANG_CXX_LIBRARY = "libc++";
				CLANG_ENABLE_MODULES = YES;
				CLANG_ENABLE_OBJC_ARC = YES;
				CLANG_ENABLE_OBJC_WEAK = YES;
				CLANG_WARN_BLOCK_CAPTURE_AUTORELEASING = YES;
				CLANG_WARN_BOOL_CONVERSION = YES;
				CLANG_WARN_COMMA = YES;
				CLANG_WARN_CONSTANT_CONVERSION = YES;
				CLANG_WARN_DEPRECATED_OBJC_IMPLEMENTATIONS = YES;
				CLANG_WARN_DIRECT_OBJC_ISA_USAGE = YES_ERROR;
				CLANG_WARN_DOCUMENTATION_COMMENTS = YES;
				CLANG_WARN_EMPTY_BODY = YES;
				CLANG_WARN_ENUM_CONVERSION = YES;
				CLANG_WARN_INFINITE_RECURSION = YES;
				CLANG_WARN_INT_CONVERSION = YES;
				CLANG_WARN_NON_LITERAL_NULL_CONVERSION = YES;
				CLANG_WARN_OBJC_IMPLICIT_RETAIN_SELF = YES;
				CLANG_WARN_OBJC_LITERAL_CONVERSION = YES;
				CLANG_WARN_OBJC_ROOT_CLASS = YES_ERROR;
				CLANG_WARN_RANGE_LOOP_ANALYSIS = YES;
				CLANG_WARN_STRICT_PROTOTYPES = YES;
				CLANG_WARN_SUSPICIOUS_MOVE = YES;
				CLANG_WARN_UNGUARDED_AVAILABILITY = YES_AGGRESSIVE;
				CLANG_WARN_UNREACHABLE_CODE = YES;
				CLANG_WARN__DUPLICATE_METHOD_MATCH = YES;
				CODE_SIGN_IDENTITY = "iPhone Developer";
				COPY_PHASE_STRIP = NO;
				DEBUG_INFORMATION_FORMAT = "dwarf-with-dsym";
				ENABLE_NS_ASSERTIONS = NO;
				ENABLE_STRICT_OBJC_MSGSEND = YES;
				GCC_C_LANGUAGE_STANDARD = gnu11;
				GCC_NO_COMMON_BLOCKS = YES;
				GCC_WARN_64_TO_32_BIT_CONVERSION = YES;
				GCC_WARN_ABOUT_RETURN_TYPE = YES_ERROR;
				GCC_WARN_UNDECLARED_SELECTOR = YES;
				GCC_WARN_UNINITIALIZED_AUTOS = YES_AGGRESSIVE;
				GCC_WARN_UNUSED_FUNCTION = YES;
				GCC_WARN_UNUSED_VARIABLE = YES;
				IPHONEOS_DEPLOYMENT_TARGET = 12.1;
				MTL_ENABLE_DEBUG_INFO = NO;
				MTL_FAST_MATH = YES;
				SDKROOT = iphoneos;
				VALIDATE_PRODUCT = YES;
			};
			name = Release;
		};
		825FA71121E4694D00AB1744 /* Debug */ = {
			isa = XCBuildConfiguration;
			buildSettings = {
				ASSETCATALOG_COMPILER_APPICON_NAME = AppIcon;
				CODE_SIGN_IDENTITY = "Apple Development";
				CODE_SIGN_STYLE = Manual;
				DEVELOPMENT_TEAM = "";
				INFOPLIST_FILE = XhlBaseObjectDemo/Info.plist;
				IPHONEOS_DEPLOYMENT_TARGET = 9.0;
				LD_RUNPATH_SEARCH_PATHS = (
					"$(inherited)",
					"@executable_path/Frameworks",
				);
				PRODUCT_BUNDLE_IDENTIFIER = zljr.rogue.XhlBaseObjectDemo;
				PRODUCT_NAME = "$(TARGET_NAME)";
				PROVISIONING_PROFILE_SPECIFIER = "";
				TARGETED_DEVICE_FAMILY = "1,2";
			};
			name = Debug;
		};
		825FA71221E4694D00AB1744 /* Release */ = {
			isa = XCBuildConfiguration;
			buildSettings = {
				ASSETCATALOG_COMPILER_APPICON_NAME = AppIcon;
				CODE_SIGN_IDENTITY = "Apple Development";
				CODE_SIGN_STYLE = Manual;
				DEVELOPMENT_TEAM = "";
				INFOPLIST_FILE = XhlBaseObjectDemo/Info.plist;
				IPHONEOS_DEPLOYMENT_TARGET = 9.0;
				LD_RUNPATH_SEARCH_PATHS = (
					"$(inherited)",
					"@executable_path/Frameworks",
				);
				PRODUCT_BUNDLE_IDENTIFIER = zljr.rogue.XhlBaseObjectDemo;
				PRODUCT_NAME = "$(TARGET_NAME)";
				PROVISIONING_PROFILE_SPECIFIER = "";
				TARGETED_DEVICE_FAMILY = "1,2";
			};
			name = Release;
		};
		DBC618AF250230D2000B7DB3 /* Debug */ = {
			isa = XCBuildConfiguration;
			buildSettings = {
				CODE_SIGN_STYLE = Automatic;
				INFOPLIST_FILE = XhlBaseObjectTests/Info.plist;
				IPHONEOS_DEPLOYMENT_TARGET = 12.2;
				LD_RUNPATH_SEARCH_PATHS = (
					"$(inherited)",
					"@executable_path/Frameworks",
					"@loader_path/Frameworks",
				);
				PRODUCT_BUNDLE_IDENTIFIER = gkh.XhlBaseObjectTests;
				PRODUCT_NAME = "$(TARGET_NAME)";
				TARGETED_DEVICE_FAMILY = "1,2";
				TEST_HOST = "$(BUILT_PRODUCTS_DIR)/XhlBaseObjectDemo.app/XhlBaseObjectDemo";
			};
			name = Debug;
		};
		DBC618B0250230D2000B7DB3 /* Release */ = {
			isa = XCBuildConfiguration;
			buildSettings = {
				CODE_SIGN_STYLE = Automatic;
				INFOPLIST_FILE = XhlBaseObjectTests/Info.plist;
				IPHONEOS_DEPLOYMENT_TARGET = 12.2;
				LD_RUNPATH_SEARCH_PATHS = (
					"$(inherited)",
					"@executable_path/Frameworks",
					"@loader_path/Frameworks",
				);
				PRODUCT_BUNDLE_IDENTIFIER = gkh.XhlBaseObjectTests;
				PRODUCT_NAME = "$(TARGET_NAME)";
				TARGETED_DEVICE_FAMILY = "1,2";
				TEST_HOST = "$(BUILT_PRODUCTS_DIR)/XhlBaseObjectDemo.app/XhlBaseObjectDemo";
			};
			name = Release;
		};
/* End XCBuildConfiguration section */

/* Begin XCConfigurationList section */
		825FA6F521E4694C00AB1744 /* Build configuration list for PBXProject "XhlBaseObjectDemo" */ = {
			isa = XCConfigurationList;
			buildConfigurations = (
				825FA70E21E4694D00AB1744 /* Debug */,
				825FA70F21E4694D00AB1744 /* Release */,
			);
			defaultConfigurationIsVisible = 0;
			defaultConfigurationName = Release;
		};
		825FA71021E4694D00AB1744 /* Build configuration list for PBXNativeTarget "XhlBaseObjectDemo" */ = {
			isa = XCConfigurationList;
			buildConfigurations = (
				825FA71121E4694D00AB1744 /* Debug */,
				825FA71221E4694D00AB1744 /* Release */,
			);
			defaultConfigurationIsVisible = 0;
			defaultConfigurationName = Release;
		};
		DBC618B3250230D2000B7DB3 /* Build configuration list for PBXNativeTarget "XhlBaseObjectTests" */ = {
			isa = XCConfigurationList;
			buildConfigurations = (
				DBC618AF250230D2000B7DB3 /* Debug */,
				DBC618B0250230D2000B7DB3 /* Release */,
			);
			defaultConfigurationIsVisible = 0;
			defaultConfigurationName = Release;
		};
/* End XCConfigurationList section */
	};
	rootObject = 825FA6F221E4694C00AB1744 /* Project object */;
}
